
Microsoft Visual Studio Solution File, Format Version 12.00
# Visual Studio 14
VisualStudioVersion = 14.0.25420.1
MinimumVisualStudioVersion = 10.0.40219.1
Project("{2150E333-8FDC-42A3-9474-1A3956D46DE8}") = "src", "src", "{FFC8C6E6-A268-4399-BEDC-B4E770369389}"
EndProject
Project("{2150E333-8FDC-42A3-9474-1A3956D46DE8}") = "Solution Items", "Solution Items", "{25E16275-FE76-4714-A138-5388ABF04815}"
	ProjectSection(SolutionItems) = preProject
		global.json = global.json
	EndProjectSection
EndProject
Project("{8BB2217D-0F2D-49D1-97BC-3654ED321F3B}") = "VoteExplorer", "src\VoteExplorer\VoteExplorer.xproj", "{07D3E3CC-9B6E-455F-9436-19DEB86E1C7F}"
EndProject
Global
	GlobalSection(SolutionConfigurationPlatforms) = preSolution
		Debug|Any CPU = Debug|Any CPU
		Release|Any CPU = Release|Any CPU
	EndGlobalSection
	GlobalSection(ProjectConfigurationPlatforms) = postSolution
		{07D3E3CC-9B6E-455F-9436-19DEB86E1C7F}.Debug|Any CPU.ActiveCfg = Debug|Any CPU
		{07D3E3CC-9B6E-455F-9436-19DEB86E1C7F}.Debug|Any CPU.Build.0 = Debug|Any CPU
		{07D3E3CC-9B6E-455F-9436-19DEB86E1C7F}.Release|Any CPU.ActiveCfg = Release|Any CPU
		{07D3E3CC-9B6E-455F-9436-19DEB86E1C7F}.Release|Any CPU.Build.0 = Release|Any CPU
	EndGlobalSection
	GlobalSection(SolutionProperties) = preSolution
		HideSolutionNode = FALSE
	EndGlobalSection
	GlobalSection(NestedProjects) = preSolution
		{07D3E3CC-9B6E-455F-9436-19DEB86E1C7F} = {FFC8C6E6-A268-4399-BEDC-B4E770369389}
	EndGlobalSection
EndGlobal
